
Microsoft Visual Studio Solution File, Format Version 12.00
# Visual Studio 2015
Project("{FAE04EC0-301F-11D3-BF4B-00C04F79EFBC}") = "DrawCallOptimizer_Tutorial.CSharp", "DrawCallOptimizer_Tutorial.CSharp.csproj", "{6A26224D-58B9-898D-3960-EB1EF6603FDA}"
EndProject
Global
	GlobalSection(SolutionConfigurationPlatforms) = preSolution
		Debug|Any CPU = Debug|Any CPU
		Release|Any CPU = Release|Any CPU
	EndGlobalSection
	GlobalSection(ProjectConfigurationPlatforms) = postSolution
		{6A26224D-58B9-898D-3960-EB1EF6603FDA}.Debug|Any CPU.ActiveCfg = Debug|Any CPU
		{6A26224D-58B9-898D-3960-EB1EF6603FDA}.Debug|Any CPU.Build.0 = Debug|Any CPU
		{6A26224D-58B9-898D-3960-EB1EF6603FDA}.Release|Any CPU.ActiveCfg = Release|Any CPU
		{6A26224D-58B9-898D-3960-EB1EF6603FDA}.Release|Any CPU.Build.0 = Release|Any CPU
	EndGlobalSection
	GlobalSection(SolutionProperties) = preSolution
		HideSolutionNode = FALSE
	EndGlobalSection
EndGlobal
